# This file is automatically @generated by Cargo.
# It is not intended for manual editing.
version = 3

[[package]]
name = "build_html"
version = "2.4.0"
source = "registry+https://github.com/rust-lang/crates.io-index"
checksum = "3108fe6fe7ac796fb7625bdde8fa2b67b5a7731496251ca57c7b8cadd78a16a1"

[[package]]
name = "idatt2104"
version = "0.1.0"
dependencies = [
 "build_html",
]
